
Microsoft Visual Studio Solution File, Format Version 12.00
# Visual Studio Version 17
VisualStudioVersion = 17.14.36327.8 d17.14
MinimumVisualStudioVersion = 10.0.40219.1
Project("{FAE04EC0-301F-11D3-BF4B-00C04F79EFBC}") = "DaoThiThuHuyen_1150080097_Lab4", "DaoThiThuHuyen_1150080097_Lab4_Th1\DaoThiThuHuyen_1150080097_Lab4.csproj", "{165A94F9-DFD4-46CD-839E-2F8B846ACBBE}"
EndProject
Global
	GlobalSection(SolutionConfigurationPlatforms) = preSolution
		Debug|Any CPU = Debug|Any CPU
		Release|Any CPU = Release|Any CPU
	EndGlobalSection
	GlobalSection(ProjectConfigurationPlatforms) = postSolution
		{165A94F9-DFD4-46CD-839E-2F8B846ACBBE}.Debug|Any CPU.ActiveCfg = Debug|Any CPU
		{165A94F9-DFD4-46CD-839E-2F8B846ACBBE}.Debug|Any CPU.Build.0 = Debug|Any CPU
		{165A94F9-DFD4-46CD-839E-2F8B846ACBBE}.Release|Any CPU.ActiveCfg = Release|Any CPU
		{165A94F9-DFD4-46CD-839E-2F8B846ACBBE}.Release|Any CPU.Build.0 = Release|Any CPU
	EndGlobalSection
	GlobalSection(SolutionProperties) = preSolution
		HideSolutionNode = FALSE
	EndGlobalSection
	GlobalSection(ExtensibilityGlobals) = postSolution
		SolutionGuid = {CE64566A-E6F8-4957-A6A0-514EAE63D46F}
	EndGlobalSection
EndGlobal
