
Microsoft Visual Studio Solution File, Format Version 12.00
# Visual Studio Version 17
VisualStudioVersion = 17.14.36623.8 d17.14
MinimumVisualStudioVersion = 10.0.40219.1
Project("{FAE04EC0-301F-11D3-BF4B-00C04F79EFBC}") = "1150080097_DaoThiThuHuyen_BTTuan9_P4", "1150080097_DaoThiThuHuyen_BTTuan9_P4\1150080097_DaoThiThuHuyen_BTTuan9_P4.csproj", "{65F5AD0F-0823-4A98-9682-830C0B19291E}"
EndProject
Global
	GlobalSection(SolutionConfigurationPlatforms) = preSolution
		Debug|Any CPU = Debug|Any CPU
		Release|Any CPU = Release|Any CPU
	EndGlobalSection
	GlobalSection(ProjectConfigurationPlatforms) = postSolution
		{65F5AD0F-0823-4A98-9682-830C0B19291E}.Debug|Any CPU.ActiveCfg = Debug|Any CPU
		{65F5AD0F-0823-4A98-9682-830C0B19291E}.Debug|Any CPU.Build.0 = Debug|Any CPU
		{65F5AD0F-0823-4A98-9682-830C0B19291E}.Release|Any CPU.ActiveCfg = Release|Any CPU
		{65F5AD0F-0823-4A98-9682-830C0B19291E}.Release|Any CPU.Build.0 = Release|Any CPU
	EndGlobalSection
	GlobalSection(SolutionProperties) = preSolution
		HideSolutionNode = FALSE
	EndGlobalSection
	GlobalSection(ExtensibilityGlobals) = postSolution
		SolutionGuid = {7DCC2558-1434-47F2-8A94-076289C836C4}
	EndGlobalSection
EndGlobal
