
Microsoft Visual Studio Solution File, Format Version 12.00
# Visual Studio Version 17
VisualStudioVersion = 17.14.36327.8 d17.14
MinimumVisualStudioVersion = 10.0.40219.1
Project("{FAE04EC0-301F-11D3-BF4B-00C04F79EFBC}") = "DaoThiThuHuyen_1150080097_ThucHanh2", "DaoThiThuHuyen_1150080097_ThucHanh2\DaoThiThuHuyen_1150080097_ThucHanh2.csproj", "{B77DF4D3-0774-4AE6-80F2-F52060603E73}"
EndProject
Global
	GlobalSection(SolutionConfigurationPlatforms) = preSolution
		Debug|Any CPU = Debug|Any CPU
		Release|Any CPU = Release|Any CPU
	EndGlobalSection
	GlobalSection(ProjectConfigurationPlatforms) = postSolution
		{B77DF4D3-0774-4AE6-80F2-F52060603E73}.Debug|Any CPU.ActiveCfg = Debug|Any CPU
		{B77DF4D3-0774-4AE6-80F2-F52060603E73}.Debug|Any CPU.Build.0 = Debug|Any CPU
		{B77DF4D3-0774-4AE6-80F2-F52060603E73}.Release|Any CPU.ActiveCfg = Release|Any CPU
		{B77DF4D3-0774-4AE6-80F2-F52060603E73}.Release|Any CPU.Build.0 = Release|Any CPU
	EndGlobalSection
	GlobalSection(SolutionProperties) = preSolution
		HideSolutionNode = FALSE
	EndGlobalSection
	GlobalSection(ExtensibilityGlobals) = postSolution
		SolutionGuid = {9D11DBE7-13D5-4148-B670-5F290BB0D5A3}
	EndGlobalSection
EndGlobal
